schema: 1
generated_on: 2026-07-22
policy:
  require_immutable_refs_for_release: true
  allow_floating_refs_for_development: true
sources:
  opencode:
    repository: https://github.com/anomalyco/opencode
    inspected_ref: efb6cc2d4bf6332eb156709795d2b3a649198b65
    build_ref: REVIEW_AND_PIN
  incus:
    repository: https://github.com/lxc/incus
    inspected_ref: 5f70b59f323cb8750e3c1dd16213fedf2679d576
    build_ref: distribution-package
  git_mcp:
    repository: https://github.com/modelcontextprotocol/servers
    path: src/git
    build_ref: REVIEW_AND_PIN
  github_mcp:
    repository: https://github.com/github/github-mcp-server
    build_ref: REVIEW_AND_PIN
  gitea_mcp:
    repository: https://gitea.com/gitea/gitea-mcp
    build_ref: REVIEW_AND_PIN
  playwright_mcp:
    repository: https://github.com/microsoft/playwright-mcp
    build_ref: REVIEW_AND_PIN
  nextcloud_mcp:
    repository: https://github.com/cbcoutinho/nextcloud-mcp-server
    build_ref: DISABLED_UNTIL_AUDITED
  joomla_mcp:
    repository: https://github.com/vast-development-method/joomla-mcp
    build_ref: DISABLED_UNTIL_FIRST_RELEASE
  jcb_mcp:
    repository: pending
    build_ref: DISABLED_UNTIL_REPOSITORY_EXISTS
